
Microsoft Visual Studio Solution File, Format Version 12.00
# Visual Studio Version 16
VisualStudioVersion = 16.0.30114.105
MinimumVisualStudioVersion = 10.0.40219.1
Project("{9A19103F-16F7-4668-BE54-9A1E7A4F7556}") = "OccumetricWeb.Server", "Server\OccumetricWeb.Server.csproj", "{474DB775-851C-4157-AEA8-74EEDCF10820}"
EndProject
Project("{9A19103F-16F7-4668-BE54-9A1E7A4F7556}") = "OccumetricWeb.Client", "Client\OccumetricWeb.Client.csproj", "{7B7D02E1-5015-4F91-8F8F-921A54890531}"
EndProject
Project("{9A19103F-16F7-4668-BE54-9A1E7A4F7556}") = "OccumetricWeb.Shared", "Shared\OccumetricWeb.Shared.csproj", "{D521E012-A152-46D6-967B-D453656E59C8}"
EndProject
Global
	GlobalSection(SolutionConfigurationPlatforms) = preSolution
		Debug|Any CPU = Debug|Any CPU
		Release|Any CPU = Release|Any CPU
	EndGlobalSection
	GlobalSection(ProjectConfigurationPlatforms) = postSolution
		{474DB775-851C-4157-AEA8-74EEDCF10820}.Debug|Any CPU.ActiveCfg = Debug|Any CPU
		{474DB775-851C-4157-AEA8-74EEDCF10820}.Debug|Any CPU.Build.0 = Debug|Any CPU
		{474DB775-851C-4157-AEA8-74EEDCF10820}.Release|Any CPU.ActiveCfg = Release|Any CPU
		{474DB775-851C-4157-AEA8-74EEDCF10820}.Release|Any CPU.Build.0 = Release|Any CPU
		{7B7D02E1-5015-4F91-8F8F-921A54890531}.Debug|Any CPU.ActiveCfg = Debug|Any CPU
		{7B7D02E1-5015-4F91-8F8F-921A54890531}.Debug|Any CPU.Build.0 = Debug|Any CPU
		{7B7D02E1-5015-4F91-8F8F-921A54890531}.Release|Any CPU.ActiveCfg = Release|Any CPU
		{7B7D02E1-5015-4F91-8F8F-921A54890531}.Release|Any CPU.Build.0 = Release|Any CPU
		{D521E012-A152-46D6-967B-D453656E59C8}.Debug|Any CPU.ActiveCfg = Debug|Any CPU
		{D521E012-A152-46D6-967B-D453656E59C8}.Debug|Any CPU.Build.0 = Debug|Any CPU
		{D521E012-A152-46D6-967B-D453656E59C8}.Release|Any CPU.ActiveCfg = Release|Any CPU
		{D521E012-A152-46D6-967B-D453656E59C8}.Release|Any CPU.Build.0 = Release|Any CPU
	EndGlobalSection
	GlobalSection(SolutionProperties) = preSolution
		HideSolutionNode = FALSE
	EndGlobalSection
	GlobalSection(ExtensibilityGlobals) = postSolution
		SolutionGuid = {E95E95B0-C646-42DB-8BC0-C735DC22D39D}
	EndGlobalSection
EndGlobal
